// !$*UTF8*$!
{
	archiveVersion = 1;
	classes = {
	};
	objectVersion = 46;
	objects = {

/* Begin PBXBuildFile section */
		8CECCE391F0D23EF007F204A /* main.m in Sources */ = {isa = PBXBuildFile; fileRef = 8CECCE381F0D23EF007F204A /* main.m */; };
		8CECCE3C1F0D23EF007F204A /* AppDelegate.m in Sources */ = {isa = PBXBuildFile; fileRef = 8CECCE3B1F0D23EF007F204A /* AppDelegate.m */; };
		8CECCE3F1F0D23EF007F204A /* ViewController.m in Sources */ = {isa = PBXBuildFile; fileRef = 8CECCE3E1F0D23EF007F204A /* ViewController.m */; };
		8CECCE421F0D23EF007F204A /* Main.storyboard in Resources */ = {isa = PBXBuildFile; fileRef = 8CECCE401F0D23EF007F204A /* Main.storyboard */; };
		8CECCE441F0D23EF007F204A /* Assets.xcassets in Resources */ = {isa = PBXBuildFile; fileRef = 8CECCE431F0D23EF007F204A /* Assets.xcassets */; };
		8CECCE471F0D23EF007F204A /* LaunchScreen.storyboard in Resources */ = {isa = PBXBuildFile; fileRef = 8CECCE451F0D23EF007F204A /* LaunchScreen.storyboard */; };
		8CECCE521F0D23F0007F204A /* PeerReview9Tests.m in Sources */ = {isa = PBXBuildFile; fileRef = 8CECCE511F0D23F0007F204A /* PeerReview9Tests.m */; };
		8CECCE5D1F0D23F0007F204A /* PeerReview9UITests.m in Sources */ = {isa = PBXBuildFile; fileRef = 8CECCE5C1F0D23F0007F204A /* PeerReview9UITests.m */; };
/* End PBXBuildFile section */

/* Begin PBXContainerItemProxy section */
		8CECCE4E1F0D23F0007F204A /* PBXContainerItemProxy */ = {
			isa = PBXContainerItemProxy;
			containerPortal = 8CECCE2C1F0D23EF007F204A /* Project object */;
			proxyType = 1;
			remoteGlobalIDString = 8CECCE331F0D23EF007F204A;
			remoteInfo = PeerReview9;
		};
		8CECCE591F0D23F0007F204A /* PBXContainerItemProxy */ = {
			isa = PBXContainerItemProxy;
			containerPortal = 8CECCE2C1F0D23EF007F204A /* Project object */;
			proxyType = 1;
			remoteGlobalIDString = 8CECCE331F0D23EF007F204A;
			remoteInfo = PeerReview9;
		};
/* End PBXContainerItemProxy section */

/* Begin PBXFileReference section */
		8CECCE341F0D23EF007F204A /* PeerReview9.app */ = {isa = PBXFileReference; explicitFileType = wrapper.application; includeInIndex = 0; path = PeerReview9.app; sourceTree = BUILT_PRODUCTS_DIR; };
		8CECCE381F0D23EF007F204A /* main.m */ = {isa = PBXFileReference; lastKnownFileType = sourcecode.c.objc; path = main.m; sourceTree = "<group>"; };
		8CECCE3A1F0D23EF007F204A /* AppDelegate.h */ = {isa = PBXFileReference; lastKnownFileType = sourcecode.c.h; path = AppDelegate.h; sourceTree = "<group>"; };
		8CECCE3B1F0D23EF007F204A /* AppDelegate.m */ = {isa = PBXFileReference; lastKnownFileType = sourcecode.c.objc; path = AppDelegate.m; sourceTree = "<group>"; };
		8CECCE3D1F0D23EF007F204A /* ViewController.h */ = {isa = PBXFileReference; lastKnownFileType = sourcecode.c.h; path = ViewController.h; sourceTree = "<group>"; };
		8CECCE3E1F0D23EF007F204A /* ViewController.m */ = {isa = PBXFileReference; lastKnownFileType = sourcecode.c.objc; path = ViewController.m; sourceTree = "<group>"; };
		8CECCE411F0D23EF007F204A /* Base */ = {isa = PBXFileReference; lastKnownFileType = file.storyboard; name = Base; path = Base.lproj/Main.storyboard; sourceTree = "<group>"; };
		8CECCE431F0D23EF007F204A /* Assets.xcassets */ = {isa = PBXFileReference; lastKnownFileType = folder.assetcatalog; path = Assets.xcassets; sourceTree = "<group>"; };
		8CECCE461F0D23EF007F204A /* Base */ = {isa = PBXFileReference; lastKnownFileType = file.storyboard; name = Base; path = Base.lproj/LaunchScreen.storyboard; sourceTree = "<group>"; };
		8CECCE481F0D23EF007F204A /* Info.plist */ = {isa = PBXFileReference; lastKnownFileType = text.plist.xml; path = Info.plist; sourceTree = "<group>"; };
		8CECCE4D1F0D23F0007F204A /* PeerReview9Tests.xctest */ = {isa = PBXFileReference; explicitFileType = wrapper.cfbundle; includeInIndex = 0; path = PeerReview9Tests.xctest; sourceTree = BUILT_PRODUCTS_DIR; };
		8CECCE511F0D23F0007F204A /* PeerReview9Tests.m */ = {isa = PBXFileReference; lastKnownFileType = sourcecode.c.objc; path = PeerReview9Tests.m; sourceTree = "<group>"; };
		8CECCE531F0D23F0007F204A /* Info.plist */ = {isa = PBXFileReference; lastKnownFileType = text.plist.xml; path = Info.plist; sourceTree = "<group>"; };
		8CECCE581F0D23F0007F204A /* PeerReview9UITests.xctest */ = {isa = PBXFileReference; explicitFileType = wrapper.cfbundle; includeInIndex = 0; path = PeerReview9UITests.xctest; sourceTree = BUILT_PRODUCTS_DIR; };
		8CECCE5C1F0D23F0007F204A /* PeerReview9UITests.m */ = {isa = PBXFileReference; lastKnownFileType = sourcecode.c.objc; path = PeerReview9UITests.m; sourceTree = "<group>"; };
		8CECCE5E1F0D23F0007F204A /* Info.plist */ = {isa = PBXFileReference; lastKnownFileType = text.plist.xml; path = Info.plist; sourceTree = "<group>"; };
/* End PBXFileReference section */

/* Begin PBXFrameworksBuildPhase section */
		8CECCE311F0D23EF007F204A /* Frameworks */ = {
			isa = PBXFrameworksBuildPhase;
			buildActionMask = 2147483647;
			files = (
			);
			runOnlyForDeploymentPostprocessing = 0;
		};
		8CECCE4A1F0D23F0007F204A /* Frameworks */ = {
			isa = PBXFrameworksBuildPhase;
			buildActionMask = 2147483647;
			files = (
			);
			runOnlyForDeploymentPostprocessing = 0;
		};
		8CECCE551F0D23F0007F204A /* Frameworks */ = {
			isa = PBXFrameworksBuildPhase;
			buildActionMask = 2147483647;
			files = (
			);
			runOnlyForDeploymentPostprocessing = 0;
		};
/* End PBXFrameworksBuildPhase section */

/* Begin PBXGroup section */
		8CECCE2B1F0D23EF007F204A = {
			isa = PBXGroup;
			children = (
				8CECCE361F0D23EF007F204A /* PeerReview9 */,
				8CECCE501F0D23F0007F204A /* PeerReview9Tests */,
				8CECCE5B1F0D23F0007F204A /* PeerReview9UITests */,
				8CECCE351F0D23EF007F204A /* Products */,
			);
			sourceTree = "<group>";
		};
		8CECCE351F0D23EF007F204A /* Products */ = {
			isa = PBXGroup;
			children = (
				8CECCE341F0D23EF007F204A /* PeerReview9.app */,
				8CECCE4D1F0D23F0007F204A /* PeerReview9Tests.xctest */,
				8CECCE581F0D23F0007F204A /* PeerReview9UITests.xctest */,
			);
			name = Products;
			sourceTree = "<group>";
		};
		8CECCE361F0D23EF007F204A /* PeerReview9 */ = {
			isa = PBXGroup;
			children = (
				8CECCE3A1F0D23EF007F204A /* AppDelegate.h */,
				8CECCE3B1F0D23EF007F204A /* AppDelegate.m */,
				8CECCE3D1F0D23EF007F204A /* ViewController.h */,
				8CECCE3E1F0D23EF007F204A /* ViewController.m */,
				8CECCE401F0D23EF007F204A /* Main.storyboard */,
				8CECCE431F0D23EF007F204A /* Assets.xcassets */,
				8CECCE451F0D23EF007F204A /* LaunchScreen.storyboard */,
				8CECCE481F0D23EF007F204A /* Info.plist */,
				8CECCE371F0D23EF007F204A /* Supporting Files */,
			);
			path = PeerReview9;
			sourceTree = "<group>";
		};
		8CECCE371F0D23EF007F204A /* Supporting Files */ = {
			isa = PBXGroup;
			children = (
				8CECCE381F0D23EF007F204A /* main.m */,
			);
			name = "Supporting Files";
			sourceTree = "<group>";
		};
		8CECCE501F0D23F0007F204A /* PeerReview9Tests */ = {
			isa = PBXGroup;
			children = (
				8CECCE511F0D23F0007F204A /* PeerReview9Tests.m */,
				8CECCE531F0D23F0007F204A /* Info.plist */,
			);
			path = PeerReview9Tests;
			sourceTree = "<group>";
		};
		8CECCE5B1F0D23F0007F204A /* PeerReview9UITests */ = {
			isa = PBXGroup;
			children = (
				8CECCE5C1F0D23F0007F204A /* PeerReview9UITests.m */,
				8CECCE5E1F0D23F0007F204A /* Info.plist */,
			);
			path = PeerReview9UITests;
			sourceTree = "<group>";
		};
/* End PBXGroup section */

/* Begin PBXNativeTarget section */
		8CECCE331F0D23EF007F204A /* PeerReview9 */ = {
			isa = PBXNativeTarget;
			buildConfigurationList = 8CECCE611F0D23F0007F204A /* Build configuration list for PBXNativeTarget "PeerReview9" */;
			buildPhases = (
				8CECCE301F0D23EF007F204A /* Sources */,
				8CECCE311F0D23EF007F204A /* Frameworks */,
				8CECCE321F0D23EF007F204A /* Resources */,
			);
			buildRules = (
			);
			dependencies = (
			);
			name = PeerReview9;
			productName = PeerReview9;
			productReference = 8CECCE341F0D23EF007F204A /* PeerReview9.app */;
			productType = "com.apple.product-type.application";
		};
		8CECCE4C1F0D23F0007F204A /* PeerReview9Tests */ = {
			isa = PBXNativeTarget;
			buildConfigurationList = 8CECCE641F0D23F0007F204A /* Build configuration list for PBXNativeTarget "PeerReview9Tests" */;
			buildPhases = (
				8CECCE491F0D23F0007F204A /* Sources */,
				8CECCE4A1F0D23F0007F204A /* Frameworks */,
				8CECCE4B1F0D23F0007F204A /* Resources */,
			);
			buildRules = (
			);
			dependencies = (
				8CECCE4F1F0D23F0007F204A /* PBXTargetDependency */,
			);
			name = PeerReview9Tests;
			productName = PeerReview9Tests;
			productReference = 8CECCE4D1F0D23F0007F204A /* PeerReview9Tests.xctest */;
			productType = "com.apple.product-type.bundle.unit-test";
		};
		8CECCE571F0D23F0007F204A /* PeerReview9UITests */ = {
			isa = PBXNativeTarget;
			buildConfigurationList = 8CECCE671F0D23F0007F204A /* Build configuration list for PBXNativeTarget "PeerReview9UITests" */;
			buildPhases = (
				8CECCE541F0D23F0007F204A /* Sources */,
				8CECCE551F0D23F0007F204A /* Frameworks */,
				8CECCE561F0D23F0007F204A /* Resources */,
			);
			buildRules = (
			);
			dependencies = (
				8CECCE5A1F0D23F0007F204A /* PBXTargetDependency */,
			);
			name = PeerReview9UITests;
			productName = PeerReview9UITests;
			productReference = 8CECCE581F0D23F0007F204A /* PeerReview9UITests.xctest */;
			productType = "com.apple.product-type.bundle.ui-testing";
		};
/* End PBXNativeTarget section */

/* Begin PBXProject section */
		8CECCE2C1F0D23EF007F204A /* Project object */ = {
			isa = PBXProject;
			attributes = {
				LastUpgradeCheck = 0830;
				ORGANIZATIONNAME = "Ananta Shahane";
				TargetAttributes = {
					8CECCE331F0D23EF007F204A = {
						CreatedOnToolsVersion = 8.3.3;
						ProvisioningStyle = Automatic;
					};
					8CECCE4C1F0D23F0007F204A = {
						CreatedOnToolsVersion = 8.3.3;
						ProvisioningStyle = Automatic;
						TestTargetID = 8CECCE331F0D23EF007F204A;
					};
					8CECCE571F0D23F0007F204A = {
						CreatedOnToolsVersion = 8.3.3;
						ProvisioningStyle = Automatic;
						TestTargetID = 8CECCE331F0D23EF007F204A;
					};
				};
			};
			buildConfigurationList = 8CECCE2F1F0D23EF007F204A /* Build configuration list for PBXProject "PeerReview9" */;
			compatibilityVersion = "Xcode 3.2";
			developmentRegion = English;
			hasScannedForEncodings = 0;
			knownRegions = (
				en,
				Base,
			);
			mainGroup = 8CECCE2B1F0D23EF007F204A;
			productRefGroup = 8CECCE351F0D23EF007F204A /* Products */;
			projectDirPath = "";
			projectRoot = "";
			targets = (
				8CECCE331F0D23EF007F204A /* PeerReview9 */,
				8CECCE4C1F0D23F0007F204A /* PeerReview9Tests */,
				8CECCE571F0D23F0007F204A /* PeerReview9UITests */,
			);
		};
/* End PBXProject section */

/* Begin PBXResourcesBuildPhase section */
		8CECCE321F0D23EF007F204A /* Resources */ = {
			isa = PBXResourcesBuildPhase;
			buildActionMask = 2147483647;
			files = (
				8CECCE471F0D23EF007F204A /* LaunchScreen.storyboard in Resources */,
				8CECCE441F0D23EF007F204A /* Assets.xcassets in Resources */,
				8CECCE421F0D23EF007F204A /* Main.storyboard in Resources */,
			);
			runOnlyForDeploymentPostprocessing = 0;
		};
		8CECCE4B1F0D23F0007F204A /* Resources */ = {
			isa = PBXResourcesBuildPhase;
			buildActionMask = 2147483647;
			files = (
			);
			runOnlyForDeploymentPostprocessing = 0;
		};
		8CECCE561F0D23F0007F204A /* Resources */ = {
			isa = PBXResourcesBuildPhase;
			buildActionMask = 2147483647;
			files = (
			);
			runOnlyForDeploymentPostprocessing = 0;
		};
/* End PBXResourcesBuildPhase section */

/* Begin PBXSourcesBuildPhase section */
		8CECCE301F0D23EF007F204A /* Sources */ = {
			isa = PBXSourcesBuildPhase;
			buildActionMask = 2147483647;
			files = (
				8CECCE3F1F0D23EF007F204A /* ViewController.m in Sources */,
				8CECCE3C1F0D23EF007F204A /* AppDelegate.m in Sources */,
				8CECCE391F0D23EF007F204A /* main.m in Sources */,
			);
			runOnlyForDeploymentPostprocessing = 0;
		};
		8CECCE491F0D23F0007F204A /* Sources */ = {
			isa = PBXSourcesBuildPhase;
			buildActionMask = 2147483647;
			files = (
				8CECCE521F0D23F0007F204A /* PeerReview9Tests.m in Sources */,
			);
			runOnlyForDeploymentPostprocessing = 0;
		};
		8CECCE541F0D23F0007F204A /* Sources */ = {
			isa = PBXSourcesBuildPhase;
			buildActionMask = 2147483647;
			files = (
				8CECCE5D1F0D23F0007F204A /* PeerReview9UITests.m in Sources */,
			);
			runOnlyForDeploymentPostprocessing = 0;
		};
/* End PBXSourcesBuildPhase section */

/* Begin PBXTargetDependency section */
		8CECCE4F1F0D23F0007F204A /* PBXTargetDependency */ = {
			isa = PBXTargetDependency;
			target = 8CECCE331F0D23EF007F204A /* PeerReview9 */;
			targetProxy = 8CECCE4E1F0D23F0007F204A /* PBXContainerItemProxy */;
		};
		8CECCE5A1F0D23F0007F204A /* PBXTargetDependency */ = {
			isa = PBXTargetDependency;
			target = 8CECCE331F0D23EF007F204A /* PeerReview9 */;
			targetProxy = 8CECCE591F0D23F0007F204A /* PBXContainerItemProxy */;
		};
/* End PBXTargetDependency section */

/* Begin PBXVariantGroup section */
		8CECCE401F0D23EF007F204A /* Main.storyboard */ = {
			isa = PBXVariantGroup;
			children = (
				8CECCE411F0D23EF007F204A /* Base */,
			);
			name = Main.storyboard;
			sourceTree = "<group>";
		};
		8CECCE451F0D23EF007F204A /* LaunchScreen.storyboard */ = {
			isa = PBXVariantGroup;
			children = (
				8CECCE461F0D23EF007F204A /* Base */,
			);
			name = LaunchScreen.storyboard;
			sourceTree = "<group>";
		};
/* End PBXVariantGroup section */

/* Begin XCBuildConfiguration section */
		8CECCE5F1F0D23F0007F204A /* Debug */ = {
			isa = XCBuildConfiguration;
			buildSettings = {
				ALWAYS_SEARCH_USER_PATHS = NO;
				CLANG_ANALYZER_NONNULL = YES;
				CLANG_ANALYZER_NUMBER_OBJECT_CONVERSION = YES_AGGRESSIVE;
				CLANG_CXX_LANGUAGE_STANDARD = "gnu++0x";
				CLANG_CXX_LIBRARY = "libc++";
				CLANG_ENABLE_MODULES = YES;
				CLANG_ENABLE_OBJC_ARC = YES;
				CLANG_WARN_BOOL_CONVERSION = YES;
				CLANG_WARN_CONSTANT_CONVERSION = YES;
				CLANG_WARN_DIRECT_OBJC_ISA_USAGE = YES_ERROR;
				CLANG_WARN_DOCUMENTATION_COMMENTS = YES;
				CLANG_WARN_EMPTY_BODY = YES;
				CLANG_WARN_ENUM_CONVERSION = YES;
				CLANG_WARN_INFINITE_RECURSION = YES;
				CLANG_WARN_INT_CONVERSION = YES;
				CLANG_WARN_OBJC_ROOT_CLASS = YES_ERROR;
				CLANG_WARN_SUSPICIOUS_MOVE = YES;
				CLANG_WARN_UNREACHABLE_CODE = YES;
				CLANG_WARN__DUPLICATE_METHOD_MATCH = YES;
				"CODE_SIGN_IDENTITY[sdk=iphoneos*]" = "iPhone Developer";
				COPY_PHASE_STRIP = NO;
				DEBUG_INFORMATION_FORMAT = dwarf;
				ENABLE_STRICT_OBJC_MSGSEND = YES;
				ENABLE_TESTABILITY = YES;
				GCC_C_LANGUAGE_STANDARD = gnu99;
				GCC_DYNAMIC_NO_PIC = NO;
				GCC_NO_COMMON_BLOCKS = YES;
				GCC_OPTIMIZATION_LEVEL = 0;
				GCC_PREPROCESSOR_DEFINITIONS = (
					"DEBUG=1",
					"$(inherited)",
				);
				GCC_WARN_64_TO_32_BIT_CONVERSION = YES;
				GCC_WARN_ABOUT_RETURN_TYPE = YES_ERROR;
				GCC_WARN_UNDECLARED_SELECTOR = YES;
				GCC_WARN_UNINITIALIZED_AUTOS = YES_AGGRESSIVE;
				GCC_WARN_UNUSED_FUNCTION = YES;
				GCC_WARN_UNUSED_VARIABLE = YES;
				IPHONEOS_DEPLOYMENT_TARGET = 10.3;
				MTL_ENABLE_DEBUG_INFO = YES;
				ONLY_ACTIVE_ARCH = YES;
				SDKROOT = iphoneos;
				TARGETED_DEVICE_FAMILY = "1,2";
			};
			name = Debug;
		};
		8CECCE601F0D23F0007F204A /* Release */ = {
			isa = XCBuildConfiguration;
			buildSettings = {
				ALWAYS_SEARCH_USER_PATHS = NO;
				CLANG_ANALYZER_NONNULL = YES;
				CLANG_ANALYZER_NUMBER_OBJECT_CONVERSION = YES_AGGRESSIVE;
				CLANG_CXX_LANGUAGE_STANDARD = "gnu++0x";
				CLANG_CXX_LIBRARY = "libc++";
				CLANG_ENABLE_MODULES = YES;
				CLANG_ENABLE_OBJC_ARC = YES;
				CLANG_WARN_BOOL_CONVERSION = YES;
				CLANG_WARN_CONSTANT_CONVERSION = YES;
				CLANG_WARN_DIRECT_OBJC_ISA_USAGE = YES_ERROR;
				CLANG_WARN_DOCUMENTATION_COMMENTS = YES;
				CLANG_WARN_EMPTY_BODY = YES;
				CLANG_WARN_ENUM_CONVERSION = YES;
				CLANG_WARN_INFINITE_RECURSION = YES;
				CLANG_WARN_INT_CONVERSION = YES;
				CLANG_WARN_OBJC_ROOT_CLASS = YES_ERROR;
				CLANG_WARN_SUSPICIOUS_MOVE = YES;
				CLANG_WARN_UNREACHABLE_CODE = YES;
				CLANG_WARN__DUPLICATE_METHOD_MATCH = YES;
				"CODE_SIGN_IDENTITY[sdk=iphoneos*]" = "iPhone Developer";
				COPY_PHASE_STRIP = NO;
				DEBUG_INFORMATION_FORMAT = "dwarf-with-dsym";
				ENABLE_NS_ASSERTIONS = NO;
				ENABLE_STRICT_OBJC_MSGSEND = YES;
				GCC_C_LANGUAGE_STANDARD = gnu99;
				GCC_NO_COMMON_BLOCKS = YES;
				GCC_WARN_64_TO_32_BIT_CONVERSION = YES;
				GCC_WARN_ABOUT_RETURN_TYPE = YES_ERROR;
				GCC_WARN_UNDECLARED_SELECTOR = YES;
				GCC_WARN_UNINITIALIZED_AUTOS = YES_AGGRESSIVE;
				GCC_WARN_UNUSED_FUNCTION = YES;
				GCC_WARN_UNUSED_VARIABLE = YES;
				IPHONEOS_DEPLOYMENT_TARGET = 10.3;
				MTL_ENABLE_DEBUG_INFO = NO;
				SDKROOT = iphoneos;
				TARGETED_DEVICE_FAMILY = "1,2";
				VALIDATE_PRODUCT = YES;
			};
			name = Release;
		};
		8CECCE621F0D23F0007F204A /* Debug */ = {
			isa = XCBuildConfiguration;
			buildSettings = {
				ASSETCATALOG_COMPILER_APPICON_NAME = AppIcon;
				INFOPLIST_FILE = PeerReview9/Info.plist;
				LD_RUNPATH_SEARCH_PATHS = "$(inherited) @executable_path/Frameworks";
				PRODUCT_BUNDLE_IDENTIFIER = com.Ananta.PeerReview9;
				PRODUCT_NAME = "$(TARGET_NAME)";
			};
			name = Debug;
		};
		8CECCE631F0D23F0007F204A /* Release */ = {
			isa = XCBuildConfiguration;
			buildSettings = {
				ASSETCATALOG_COMPILER_APPICON_NAME = AppIcon;
				INFOPLIST_FILE = PeerReview9/Info.plist;
				LD_RUNPATH_SEARCH_PATHS = "$(inherited) @executable_path/Frameworks";
				PRODUCT_BUNDLE_IDENTIFIER = com.Ananta.PeerReview9;
				PRODUCT_NAME = "$(TARGET_NAME)";
			};
			name = Release;
		};
		8CECCE651F0D23F0007F204A /* Debug */ = {
			isa = XCBuildConfiguration;
			buildSettings = {
				BUNDLE_LOADER = "$(TEST_HOST)";
				INFOPLIST_FILE = PeerReview9Tests/Info.plist;
				LD_RUNPATH_SEARCH_PATHS = "$(inherited) @executable_path/Frameworks @loader_path/Frameworks";
				PRODUCT_BUNDLE_IDENTIFIER = com.Ananta.PeerReview9Tests;
				PRODUCT_NAME = "$(TARGET_NAME)";
				TEST_HOST = "$(BUILT_PRODUCTS_DIR)/PeerReview9.app/PeerReview9";
			};
			name = Debug;
		};
		8CECCE661F0D23F0007F204A /* Release */ = {
			isa = XCBuildConfiguration;
			buildSettings = {
				BUNDLE_LOADER = "$(TEST_HOST)";
				INFOPLIST_FILE = PeerReview9Tests/Info.plist;
				LD_RUNPATH_SEARCH_PATHS = "$(inherited) @executable_path/Frameworks @loader_path/Frameworks";
				PRODUCT_BUNDLE_IDENTIFIER = com.Ananta.PeerReview9Tests;
				PRODUCT_NAME = "$(TARGET_NAME)";
				TEST_HOST = "$(BUILT_PRODUCTS_DIR)/PeerReview9.app/PeerReview9";
			};
			name = Release;
		};
		8CECCE681F0D23F0007F204A /* Debug */ = {
			isa = XCBuildConfiguration;
			buildSettings = {
				INFOPLIST_FILE = PeerReview9UITests/Info.plist;
				LD_RUNPATH_SEARCH_PATHS = "$(inherited) @executable_path/Frameworks @loader_path/Frameworks";
				PRODUCT_BUNDLE_IDENTIFIER = com.Ananta.PeerReview9UITests;
				PRODUCT_NAME = "$(TARGET_NAME)";
				TEST_TARGET_NAME = PeerReview9;
			};
			name = Debug;
		};
		8CECCE691F0D23F0007F204A /* Release */ = {
			isa = XCBuildConfiguration;
			buildSettings = {
				INFOPLIST_FILE = PeerReview9UITests/Info.plist;
				LD_RUNPATH_SEARCH_PATHS = "$(inherited) @executable_path/Frameworks @loader_path/Frameworks";
				PRODUCT_BUNDLE_IDENTIFIER = com.Ananta.PeerReview9UITests;
				PRODUCT_NAME = "$(TARGET_NAME)";
				TEST_TARGET_NAME = PeerReview9;
			};
			name = Release;
		};
/* End XCBuildConfiguration section */

/* Begin XCConfigurationList section */
		8CECCE2F1F0D23EF007F204A /* Build configuration list for PBXProject "PeerReview9" */ = {
			isa = XCConfigurationList;
			buildConfigurations = (
				8CECCE5F1F0D23F0007F204A /* Debug */,
				8CECCE601F0D23F0007F204A /* Release */,
			);
			defaultConfigurationIsVisible = 0;
			defaultConfigurationName = Release;
		};
		8CECCE611F0D23F0007F204A /* Build configuration list for PBXNativeTarget "PeerReview9" */ = {
			isa = XCConfigurationList;
			buildConfigurations = (
				8CECCE621F0D23F0007F204A /* Debug */,
				8CECCE631F0D23F0007F204A /* Release */,
			);
			defaultConfigurationIsVisible = 0;
		};
		8CECCE641F0D23F0007F204A /* Build configuration list for PBXNativeTarget "PeerReview9Tests" */ = {
			isa = XCConfigurationList;
			buildConfigurations = (
				8CECCE651F0D23F0007F204A /* Debug */,
				8CECCE661F0D23F0007F204A /* Release */,
			);
			defaultConfigurationIsVisible = 0;
		};
		8CECCE671F0D23F0007F204A /* Build configuration list for PBXNativeTarget "PeerReview9UITests" */ = {
			isa = XCConfigurationList;
			buildConfigurations = (
				8CECCE681F0D23F0007F204A /* Debug */,
				8CECCE691F0D23F0007F204A /* Release */,
			);
			defaultConfigurationIsVisible = 0;
		};
/* End XCConfigurationList section */
	};
	rootObject = 8CECCE2C1F0D23EF007F204A /* Project object */;
}
